{
    "lockfileVersion": 2,
    "name": "@rp-magrathea/not-entirely-unlike-cupper",
    "packages": {
        "": {
            "hasInstallScript": true,
            "name": "@rp-magrathea/not-entirely-unlike-cupper",
            "version": "1.0.0"
        }
    },
    "requires": true,
    "version": "1.0.0"
}
